<Solution>
  <Folder Name="/src/">
    <Project Path="src/LlmProxy.Domain/LlmProxy.Domain.csproj" />
    <Project Path="src/LlmProxy.Application/LlmProxy.Application.csproj" />
    <Project Path="src/LlmProxy.Infrastructure/LlmProxy.Infrastructure.csproj" />
    <Project Path="src/LlmProxy.Api/LlmProxy.Api.csproj" />
  </Folder>
  <Folder Name="/tests/">
    <Project Path="tests/backend/LlmProxy.UnitTests/LlmProxy.UnitTests.csproj" />
  </Folder>
  <Folder Name="/tests/performance/">
    <Project Path="tests/performance/LlmProxy.Benchmark/LlmProxy.Benchmark.csproj" />
    <Project Path="tests/performance/LlmProxy.Benchmark.Tests/LlmProxy.Benchmark.Tests.csproj" />
  </Folder>
</Solution>
