<Solution>
  <Folder Name="/src/">
    <Project Path="src/LlmProxy.Domain/LlmProxy.Domain.csproj" />
    <Project Path="src/LlmProxy.Application/LlmProxy.Application.csproj" />
    <Project Path="src/LlmProxy.Infrastructure/LlmProxy.Infrastructure.csproj" />
    <Project Path="src/LlmProxy.Api/LlmProxy.Api.csproj" />
  </Folder>
</Solution>
